
Microsoft Visual Studio Solution File, Format Version 12.00
# Visual Studio Version 16
VisualStudioVersion = 16.0.30709.132
MinimumVisualStudioVersion = 10.0.40219.1
Project("{FAE04EC0-301F-11D3-BF4B-00C04F79EFBC}") = "Inlämning2", "Test inlämning\Inlämning2.csproj", "{C296A109-85EC-4896-AC5C-B4652392C85E}"
EndProject
Global
	GlobalSection(SolutionConfigurationPlatforms) = preSolution
		Debug|Any CPU = Debug|Any CPU
		Release|Any CPU = Release|Any CPU
	EndGlobalSection
	GlobalSection(ProjectConfigurationPlatforms) = postSolution
		{C296A109-85EC-4896-AC5C-B4652392C85E}.Debug|Any CPU.ActiveCfg = Debug|Any CPU
		{C296A109-85EC-4896-AC5C-B4652392C85E}.Debug|Any CPU.Build.0 = Debug|Any CPU
		{C296A109-85EC-4896-AC5C-B4652392C85E}.Release|Any CPU.ActiveCfg = Release|Any CPU
		{C296A109-85EC-4896-AC5C-B4652392C85E}.Release|Any CPU.Build.0 = Release|Any CPU
	EndGlobalSection
	GlobalSection(SolutionProperties) = preSolution
		HideSolutionNode = FALSE
	EndGlobalSection
	GlobalSection(ExtensibilityGlobals) = postSolution
		SolutionGuid = {9DD69264-8152-4075-B8E6-9EF11E62F2C1}
	EndGlobalSection
EndGlobal
